// !$*UTF8*$!
{
	archiveVersion = 1;
	classes = {
	};
	objectVersion = 55;
	objects = {

/* Begin PBXBuildFile section */
		F9B44D9C27721008004FDFA9 /* AnimeCard.swift in Sources */ = {isa = PBXBuildFile; fileRef = F9B44D9B27721008004FDFA9 /* AnimeCard.swift */; };
		F9B44D9E277217F4004FDFA9 /* TopMangasView.swift in Sources */ = {isa = PBXBuildFile; fileRef = F9B44D9D277217F4004FDFA9 /* TopMangasView.swift */; };
		F9B44DA027721C4E004FDFA9 /* TopCharactersView.swift in Sources */ = {isa = PBXBuildFile; fileRef = F9B44D9F27721C4E004FDFA9 /* TopCharactersView.swift */; };
		F9B44DA227723DEA004FDFA9 /* AnimeDetailsView.swift in Sources */ = {isa = PBXBuildFile; fileRef = F9B44DA127723DEA004FDFA9 /* AnimeDetailsView.swift */; };
		F9B44DA5277244B2004FDFA9 /* AnimeDetailsMock.json in Resources */ = {isa = PBXBuildFile; fileRef = F9B44DA4277244B2004FDFA9 /* AnimeDetailsMock.json */; };
		F9B44DA827724BA1004FDFA9 /* BundleDataUtils.swift in Sources */ = {isa = PBXBuildFile; fileRef = F9B44DA727724BA1004FDFA9 /* BundleDataUtils.swift */; };
		F9F28F712731A5550047F633 /* AnimeRepoApp.swift in Sources */ = {isa = PBXBuildFile; fileRef = F9F28F702731A5550047F633 /* AnimeRepoApp.swift */; };
		F9F28F732731A5550047F633 /* TopAnimesView.swift in Sources */ = {isa = PBXBuildFile; fileRef = F9F28F722731A5550047F633 /* TopAnimesView.swift */; };
		F9F28F752731A5560047F633 /* Assets.xcassets in Resources */ = {isa = PBXBuildFile; fileRef = F9F28F742731A5560047F633 /* Assets.xcassets */; };
		F9F28F782731A5560047F633 /* Preview Assets.xcassets in Resources */ = {isa = PBXBuildFile; fileRef = F9F28F772731A5560047F633 /* Preview Assets.xcassets */; };
		F9F28F822731A5560047F633 /* Anime_RepoTests.swift in Sources */ = {isa = PBXBuildFile; fileRef = F9F28F812731A5560047F633 /* Anime_RepoTests.swift */; };
		F9F28F8C2731A5560047F633 /* Anime_RepoUITests.swift in Sources */ = {isa = PBXBuildFile; fileRef = F9F28F8B2731A5560047F633 /* Anime_RepoUITests.swift */; };
		F9F28F8E2731A5560047F633 /* Anime_RepoUITestsLaunchTests.swift in Sources */ = {isa = PBXBuildFile; fileRef = F9F28F8D2731A5560047F633 /* Anime_RepoUITestsLaunchTests.swift */; };
		F9F28F9C2731A5870047F633 /* Jikan.swift in Sources */ = {isa = PBXBuildFile; fileRef = F9F28F9B2731A5870047F633 /* Jikan.swift */; };
		F9F28F9F2731ADF50047F633 /* TopsViewModel.swift in Sources */ = {isa = PBXBuildFile; fileRef = F9F28F9E2731ADF50047F633 /* TopsViewModel.swift */; };
		F9F28FA22731AFA40047F633 /* URLImage in Frameworks */ = {isa = PBXBuildFile; productRef = F9F28FA12731AFA40047F633 /* URLImage */; };
		F9F28FAD2731D0810047F633 /* HomeView.swift in Sources */ = {isa = PBXBuildFile; fileRef = F9F28FAC2731D0810047F633 /* HomeView.swift */; };
/* End PBXBuildFile section */

/* Begin PBXContainerItemProxy section */
		F9F28F7E2731A5560047F633 /* PBXContainerItemProxy */ = {
			isa = PBXContainerItemProxy;
			containerPortal = F9F28F652731A5550047F633 /* Project object */;
			proxyType = 1;
			remoteGlobalIDString = F9F28F6C2731A5550047F633;
			remoteInfo = "Anime Repo";
		};
		F9F28F882731A5560047F633 /* PBXContainerItemProxy */ = {
			isa = PBXContainerItemProxy;
			containerPortal = F9F28F652731A5550047F633 /* Project object */;
			proxyType = 1;
			remoteGlobalIDString = F9F28F6C2731A5550047F633;
			remoteInfo = "Anime Repo";
		};
/* End PBXContainerItemProxy section */

/* Begin PBXFileReference section */
		F9B44D9B27721008004FDFA9 /* AnimeCard.swift */ = {isa = PBXFileReference; lastKnownFileType = sourcecode.swift; path = AnimeCard.swift; sourceTree = "<group>"; };
		F9B44D9D277217F4004FDFA9 /* TopMangasView.swift */ = {isa = PBXFileReference; lastKnownFileType = sourcecode.swift; path = TopMangasView.swift; sourceTree = "<group>"; };
		F9B44D9F27721C4E004FDFA9 /* TopCharactersView.swift */ = {isa = PBXFileReference; lastKnownFileType = sourcecode.swift; path = TopCharactersView.swift; sourceTree = "<group>"; };
		F9B44DA127723DEA004FDFA9 /* AnimeDetailsView.swift */ = {isa = PBXFileReference; lastKnownFileType = sourcecode.swift; path = AnimeDetailsView.swift; sourceTree = "<group>"; };
		F9B44DA4277244B2004FDFA9 /* AnimeDetailsMock.json */ = {isa = PBXFileReference; lastKnownFileType = text.json; path = AnimeDetailsMock.json; sourceTree = "<group>"; };
		F9B44DA727724BA1004FDFA9 /* BundleDataUtils.swift */ = {isa = PBXFileReference; lastKnownFileType = sourcecode.swift; path = BundleDataUtils.swift; sourceTree = "<group>"; };
		F9F28F6D2731A5550047F633 /* Anime Repo.app */ = {isa = PBXFileReference; explicitFileType = wrapper.application; includeInIndex = 0; path = "Anime Repo.app"; sourceTree = BUILT_PRODUCTS_DIR; };
		F9F28F702731A5550047F633 /* AnimeRepoApp.swift */ = {isa = PBXFileReference; lastKnownFileType = sourcecode.swift; path = AnimeRepoApp.swift; sourceTree = "<group>"; };
		F9F28F722731A5550047F633 /* TopAnimesView.swift */ = {isa = PBXFileReference; lastKnownFileType = sourcecode.swift; path = TopAnimesView.swift; sourceTree = "<group>"; };
		F9F28F742731A5560047F633 /* Assets.xcassets */ = {isa = PBXFileReference; lastKnownFileType = folder.assetcatalog; path = Assets.xcassets; sourceTree = "<group>"; };
		F9F28F772731A5560047F633 /* Preview Assets.xcassets */ = {isa = PBXFileReference; lastKnownFileType = folder.assetcatalog; path = "Preview Assets.xcassets"; sourceTree = "<group>"; };
		F9F28F7D2731A5560047F633 /* Anime RepoTests.xctest */ = {isa = PBXFileReference; explicitFileType = wrapper.cfbundle; includeInIndex = 0; path = "Anime RepoTests.xctest"; sourceTree = BUILT_PRODUCTS_DIR; };
		F9F28F812731A5560047F633 /* Anime_RepoTests.swift */ = {isa = PBXFileReference; lastKnownFileType = sourcecode.swift; path = Anime_RepoTests.swift; sourceTree = "<group>"; };
		F9F28F872731A5560047F633 /* Anime RepoUITests.xctest */ = {isa = PBXFileReference; explicitFileType = wrapper.cfbundle; includeInIndex = 0; path = "Anime RepoUITests.xctest"; sourceTree = BUILT_PRODUCTS_DIR; };
		F9F28F8B2731A5560047F633 /* Anime_RepoUITests.swift */ = {isa = PBXFileReference; lastKnownFileType = sourcecode.swift; path = Anime_RepoUITests.swift; sourceTree = "<group>"; };
		F9F28F8D2731A5560047F633 /* Anime_RepoUITestsLaunchTests.swift */ = {isa = PBXFileReference; lastKnownFileType = sourcecode.swift; path = Anime_RepoUITestsLaunchTests.swift; sourceTree = "<group>"; };
		F9F28F9B2731A5870047F633 /* Jikan.swift */ = {isa = PBXFileReference; lastKnownFileType = sourcecode.swift; path = Jikan.swift; sourceTree = "<group>"; };
		F9F28F9E2731ADF50047F633 /* TopsViewModel.swift */ = {isa = PBXFileReference; lastKnownFileType = sourcecode.swift; path = TopsViewModel.swift; sourceTree = "<group>"; };
		F9F28FAC2731D0810047F633 /* HomeView.swift */ = {isa = PBXFileReference; lastKnownFileType = sourcecode.swift; path = HomeView.swift; sourceTree = "<group>"; };
/* End PBXFileReference section */

/* Begin PBXFrameworksBuildPhase section */
		F9F28F6A2731A5550047F633 /* Frameworks */ = {
			isa = PBXFrameworksBuildPhase;
			buildActionMask = 2147483647;
			files = (
				F9F28FA22731AFA40047F633 /* URLImage in Frameworks */,
			);
			runOnlyForDeploymentPostprocessing = 0;
		};
		F9F28F7A2731A5560047F633 /* Frameworks */ = {
			isa = PBXFrameworksBuildPhase;
			buildActionMask = 2147483647;
			files = (
			);
			runOnlyForDeploymentPostprocessing = 0;
		};
		F9F28F842731A5560047F633 /* Frameworks */ = {
			isa = PBXFrameworksBuildPhase;
			buildActionMask = 2147483647;
			files = (
			);
			runOnlyForDeploymentPostprocessing = 0;
		};
/* End PBXFrameworksBuildPhase section */

/* Begin PBXGroup section */
		F9B44D9A27720FBC004FDFA9 /* components */ = {
			isa = PBXGroup;
			children = (
				F9B44D9B27721008004FDFA9 /* AnimeCard.swift */,
			);
			path = components;
			sourceTree = "<group>";
		};
		F9B44DA327724492004FDFA9 /* mocks */ = {
			isa = PBXGroup;
			children = (
				F9B44DA4277244B2004FDFA9 /* AnimeDetailsMock.json */,
			);
			path = mocks;
			sourceTree = "<group>";
		};
		F9B44DA627724B83004FDFA9 /* utils */ = {
			isa = PBXGroup;
			children = (
				F9B44DA727724BA1004FDFA9 /* BundleDataUtils.swift */,
			);
			path = utils;
			sourceTree = "<group>";
		};
		F9F28F642731A5550047F633 = {
			isa = PBXGroup;
			children = (
				F9F28F6F2731A5550047F633 /* Anime Repo */,
				F9F28F802731A5560047F633 /* Anime RepoTests */,
				F9F28F8A2731A5560047F633 /* Anime RepoUITests */,
				F9F28F6E2731A5550047F633 /* Products */,
			);
			sourceTree = "<group>";
		};
		F9F28F6E2731A5550047F633 /* Products */ = {
			isa = PBXGroup;
			children = (
				F9F28F6D2731A5550047F633 /* Anime Repo.app */,
				F9F28F7D2731A5560047F633 /* Anime RepoTests.xctest */,
				F9F28F872731A5560047F633 /* Anime RepoUITests.xctest */,
			);
			name = Products;
			sourceTree = "<group>";
		};
		F9F28F6F2731A5550047F633 /* Anime Repo */ = {
			isa = PBXGroup;
			children = (
				F9B44DA627724B83004FDFA9 /* utils */,
				F9B44DA327724492004FDFA9 /* mocks */,
				F9F28FA62731B4E80047F633 /* view */,
				F9F28F9D2731ADCD0047F633 /* view_model */,
				F9F28F9A2731A56B0047F633 /* model */,
				F9F28F702731A5550047F633 /* AnimeRepoApp.swift */,
				F9F28F742731A5560047F633 /* Assets.xcassets */,
				F9F28F762731A5560047F633 /* Preview Content */,
			);
			path = "Anime Repo";
			sourceTree = "<group>";
		};
		F9F28F762731A5560047F633 /* Preview Content */ = {
			isa = PBXGroup;
			children = (
				F9F28F772731A5560047F633 /* Preview Assets.xcassets */,
			);
			path = "Preview Content";
			sourceTree = "<group>";
		};
		F9F28F802731A5560047F633 /* Anime RepoTests */ = {
			isa = PBXGroup;
			children = (
				F9F28F812731A5560047F633 /* Anime_RepoTests.swift */,
			);
			path = "Anime RepoTests";
			sourceTree = "<group>";
		};
		F9F28F8A2731A5560047F633 /* Anime RepoUITests */ = {
			isa = PBXGroup;
			children = (
				F9F28F8B2731A5560047F633 /* Anime_RepoUITests.swift */,
				F9F28F8D2731A5560047F633 /* Anime_RepoUITestsLaunchTests.swift */,
			);
			path = "Anime RepoUITests";
			sourceTree = "<group>";
		};
		F9F28F9A2731A56B0047F633 /* model */ = {
			isa = PBXGroup;
			children = (
				F9F28F9B2731A5870047F633 /* Jikan.swift */,
			);
			path = model;
			sourceTree = "<group>";
		};
		F9F28F9D2731ADCD0047F633 /* view_model */ = {
			isa = PBXGroup;
			children = (
				F9F28F9E2731ADF50047F633 /* TopsViewModel.swift */,
			);
			path = view_model;
			sourceTree = "<group>";
		};
		F9F28FA62731B4E80047F633 /* view */ = {
			isa = PBXGroup;
			children = (
				F9B44D9A27720FBC004FDFA9 /* components */,
				F9F28F722731A5550047F633 /* TopAnimesView.swift */,
				F9F28FAC2731D0810047F633 /* HomeView.swift */,
				F9B44D9D277217F4004FDFA9 /* TopMangasView.swift */,
				F9B44D9F27721C4E004FDFA9 /* TopCharactersView.swift */,
				F9B44DA127723DEA004FDFA9 /* AnimeDetailsView.swift */,
			);
			path = view;
			sourceTree = "<group>";
		};
/* End PBXGroup section */

/* Begin PBXNativeTarget section */
		F9F28F6C2731A5550047F633 /* Anime Repo */ = {
			isa = PBXNativeTarget;
			buildConfigurationList = F9F28F912731A5560047F633 /* Build configuration list for PBXNativeTarget "Anime Repo" */;
			buildPhases = (
				F9F28F692731A5550047F633 /* Sources */,
				F9F28F6A2731A5550047F633 /* Frameworks */,
				F9F28F6B2731A5550047F633 /* Resources */,
			);
			buildRules = (
			);
			dependencies = (
			);
			name = "Anime Repo";
			packageProductDependencies = (
				F9F28FA12731AFA40047F633 /* URLImage */,
			);
			productName = "Anime Repo";
			productReference = F9F28F6D2731A5550047F633 /* Anime Repo.app */;
			productType = "com.apple.product-type.application";
		};
		F9F28F7C2731A5560047F633 /* Anime RepoTests */ = {
			isa = PBXNativeTarget;
			buildConfigurationList = F9F28F942731A5560047F633 /* Build configuration list for PBXNativeTarget "Anime RepoTests" */;
			buildPhases = (
				F9F28F792731A5560047F633 /* Sources */,
				F9F28F7A2731A5560047F633 /* Frameworks */,
				F9F28F7B2731A5560047F633 /* Resources */,
			);
			buildRules = (
			);
			dependencies = (
				F9F28F7F2731A5560047F633 /* PBXTargetDependency */,
			);
			name = "Anime RepoTests";
			productName = "Anime RepoTests";
			productReference = F9F28F7D2731A5560047F633 /* Anime RepoTests.xctest */;
			productType = "com.apple.product-type.bundle.unit-test";
		};
		F9F28F862731A5560047F633 /* Anime RepoUITests */ = {
			isa = PBXNativeTarget;
			buildConfigurationList = F9F28F972731A5560047F633 /* Build configuration list for PBXNativeTarget "Anime RepoUITests" */;
			buildPhases = (
				F9F28F832731A5560047F633 /* Sources */,
				F9F28F842731A5560047F633 /* Frameworks */,
				F9F28F852731A5560047F633 /* Resources */,
			);
			buildRules = (
			);
			dependencies = (
				F9F28F892731A5560047F633 /* PBXTargetDependency */,
			);
			name = "Anime RepoUITests";
			productName = "Anime RepoUITests";
			productReference = F9F28F872731A5560047F633 /* Anime RepoUITests.xctest */;
			productType = "com.apple.product-type.bundle.ui-testing";
		};
/* End PBXNativeTarget section */

/* Begin PBXProject section */
		F9F28F652731A5550047F633 /* Project object */ = {
			isa = PBXProject;
			attributes = {
				BuildIndependentTargetsInParallel = 1;
				LastSwiftUpdateCheck = 1310;
				LastUpgradeCheck = 1310;
				TargetAttributes = {
					F9F28F6C2731A5550047F633 = {
						CreatedOnToolsVersion = 13.1;
					};
					F9F28F7C2731A5560047F633 = {
						CreatedOnToolsVersion = 13.1;
						TestTargetID = F9F28F6C2731A5550047F633;
					};
					F9F28F862731A5560047F633 = {
						CreatedOnToolsVersion = 13.1;
						TestTargetID = F9F28F6C2731A5550047F633;
					};
				};
			};
			buildConfigurationList = F9F28F682731A5550047F633 /* Build configuration list for PBXProject "Anime Repo" */;
			compatibilityVersion = "Xcode 13.0";
			developmentRegion = en;
			hasScannedForEncodings = 0;
			knownRegions = (
				en,
				Base,
			);
			mainGroup = F9F28F642731A5550047F633;
			packageReferences = (
				F9F28FA02731AFA40047F633 /* XCRemoteSwiftPackageReference "url-image" */,
			);
			productRefGroup = F9F28F6E2731A5550047F633 /* Products */;
			projectDirPath = "";
			projectRoot = "";
			targets = (
				F9F28F6C2731A5550047F633 /* Anime Repo */,
				F9F28F7C2731A5560047F633 /* Anime RepoTests */,
				F9F28F862731A5560047F633 /* Anime RepoUITests */,
			);
		};
/* End PBXProject section */

/* Begin PBXResourcesBuildPhase section */
		F9F28F6B2731A5550047F633 /* Resources */ = {
			isa = PBXResourcesBuildPhase;
			buildActionMask = 2147483647;
			files = (
				F9B44DA5277244B2004FDFA9 /* AnimeDetailsMock.json in Resources */,
				F9F28F782731A5560047F633 /* Preview Assets.xcassets in Resources */,
				F9F28F752731A5560047F633 /* Assets.xcassets in Resources */,
			);
			runOnlyForDeploymentPostprocessing = 0;
		};
		F9F28F7B2731A5560047F633 /* Resources */ = {
			isa = PBXResourcesBuildPhase;
			buildActionMask = 2147483647;
			files = (
			);
			runOnlyForDeploymentPostprocessing = 0;
		};
		F9F28F852731A5560047F633 /* Resources */ = {
			isa = PBXResourcesBuildPhase;
			buildActionMask = 2147483647;
			files = (
			);
			runOnlyForDeploymentPostprocessing = 0;
		};
/* End PBXResourcesBuildPhase section */

/* Begin PBXSourcesBuildPhase section */
		F9F28F692731A5550047F633 /* Sources */ = {
			isa = PBXSourcesBuildPhase;
			buildActionMask = 2147483647;
			files = (
				F9F28F732731A5550047F633 /* TopAnimesView.swift in Sources */,
				F9F28F9C2731A5870047F633 /* Jikan.swift in Sources */,
				F9B44DA027721C4E004FDFA9 /* TopCharactersView.swift in Sources */,
				F9F28F9F2731ADF50047F633 /* TopsViewModel.swift in Sources */,
				F9B44D9E277217F4004FDFA9 /* TopMangasView.swift in Sources */,
				F9F28FAD2731D0810047F633 /* HomeView.swift in Sources */,
				F9B44D9C27721008004FDFA9 /* AnimeCard.swift in Sources */,
				F9B44DA827724BA1004FDFA9 /* BundleDataUtils.swift in Sources */,
				F9B44DA227723DEA004FDFA9 /* AnimeDetailsView.swift in Sources */,
				F9F28F712731A5550047F633 /* AnimeRepoApp.swift in Sources */,
			);
			runOnlyForDeploymentPostprocessing = 0;
		};
		F9F28F792731A5560047F633 /* Sources */ = {
			isa = PBXSourcesBuildPhase;
			buildActionMask = 2147483647;
			files = (
				F9F28F822731A5560047F633 /* Anime_RepoTests.swift in Sources */,
			);
			runOnlyForDeploymentPostprocessing = 0;
		};
		F9F28F832731A5560047F633 /* Sources */ = {
			isa = PBXSourcesBuildPhase;
			buildActionMask = 2147483647;
			files = (
				F9F28F8C2731A5560047F633 /* Anime_RepoUITests.swift in Sources */,
				F9F28F8E2731A5560047F633 /* Anime_RepoUITestsLaunchTests.swift in Sources */,
			);
			runOnlyForDeploymentPostprocessing = 0;
		};
/* End PBXSourcesBuildPhase section */

/* Begin PBXTargetDependency section */
		F9F28F7F2731A5560047F633 /* PBXTargetDependency */ = {
			isa = PBXTargetDependency;
			target = F9F28F6C2731A5550047F633 /* Anime Repo */;
			targetProxy = F9F28F7E2731A5560047F633 /* PBXContainerItemProxy */;
		};
		F9F28F892731A5560047F633 /* PBXTargetDependency */ = {
			isa = PBXTargetDependency;
			target = F9F28F6C2731A5550047F633 /* Anime Repo */;
			targetProxy = F9F28F882731A5560047F633 /* PBXContainerItemProxy */;
		};
/* End PBXTargetDependency section */

/* Begin XCBuildConfiguration section */
		F9F28F8F2731A5560047F633 /* Debug */ = {
			isa = XCBuildConfiguration;
			buildSettings = {
				ALWAYS_SEARCH_USER_PATHS = NO;
				BUILD_LIBRARY_FOR_DISTRIBUTION = YES;
				CLANG_ANALYZER_NONNULL = YES;
				CLANG_ANALYZER_NUMBER_OBJECT_CONVERSION = YES_AGGRESSIVE;
				CLANG_CXX_LANGUAGE_STANDARD = "gnu++17";
				CLANG_CXX_LIBRARY = "libc++";
				CLANG_ENABLE_MODULES = YES;
				CLANG_ENABLE_OBJC_ARC = YES;
				CLANG_ENABLE_OBJC_WEAK = YES;
				CLANG_WARN_BLOCK_CAPTURE_AUTORELEASING = YES;
				CLANG_WARN_BOOL_CONVERSION = YES;
				CLANG_WARN_COMMA = YES;
				CLANG_WARN_CONSTANT_CONVERSION = YES;
				CLANG_WARN_DEPRECATED_OBJC_IMPLEMENTATIONS = YES;
				CLANG_WARN_DIRECT_OBJC_ISA_USAGE = YES_ERROR;
				CLANG_WARN_DOCUMENTATION_COMMENTS = YES;
				CLANG_WARN_EMPTY_BODY = YES;
				CLANG_WARN_ENUM_CONVERSION = YES;
				CLANG_WARN_INFINITE_RECURSION = YES;
				CLANG_WARN_INT_CONVERSION = YES;
				CLANG_WARN_NON_LITERAL_NULL_CONVERSION = YES;
				CLANG_WARN_OBJC_IMPLICIT_RETAIN_SELF = YES;
				CLANG_WARN_OBJC_LITERAL_CONVERSION = YES;
				CLANG_WARN_OBJC_ROOT_CLASS = YES_ERROR;
				CLANG_WARN_QUOTED_INCLUDE_IN_FRAMEWORK_HEADER = YES;
				CLANG_WARN_RANGE_LOOP_ANALYSIS = YES;
				CLANG_WARN_STRICT_PROTOTYPES = YES;
				CLANG_WARN_SUSPICIOUS_MOVE = YES;
				CLANG_WARN_UNGUARDED_AVAILABILITY = YES_AGGRESSIVE;
				CLANG_WARN_UNREACHABLE_CODE = YES;
				CLANG_WARN__DUPLICATE_METHOD_MATCH = YES;
				COPY_PHASE_STRIP = NO;
				DEBUG_INFORMATION_FORMAT = dwarf;
				ENABLE_STRICT_OBJC_MSGSEND = YES;
				ENABLE_TESTABILITY = YES;
				GCC_C_LANGUAGE_STANDARD = gnu11;
				GCC_DYNAMIC_NO_PIC = NO;
				GCC_NO_COMMON_BLOCKS = YES;
				GCC_OPTIMIZATION_LEVEL = 0;
				GCC_PREPROCESSOR_DEFINITIONS = (
					"DEBUG=1",
					"$(inherited)",
				);
				GCC_WARN_64_TO_32_BIT_CONVERSION = YES;
				GCC_WARN_ABOUT_RETURN_TYPE = YES_ERROR;
				GCC_WARN_UNDECLARED_SELECTOR = YES;
				GCC_WARN_UNINITIALIZED_AUTOS = YES_AGGRESSIVE;
				GCC_WARN_UNUSED_FUNCTION = YES;
				GCC_WARN_UNUSED_VARIABLE = YES;
				IPHONEOS_DEPLOYMENT_TARGET = 15.2;
				MTL_ENABLE_DEBUG_INFO = INCLUDE_SOURCE;
				MTL_FAST_MATH = YES;
				ONLY_ACTIVE_ARCH = YES;
				SDKROOT = iphoneos;
				SWIFT_ACTIVE_COMPILATION_CONDITIONS = DEBUG;
				SWIFT_OPTIMIZATION_LEVEL = "-Onone";
			};
			name = Debug;
		};
		F9F28F902731A5560047F633 /* Release */ = {
			isa = XCBuildConfiguration;
			buildSettings = {
				ALWAYS_SEARCH_USER_PATHS = NO;
				BUILD_LIBRARY_FOR_DISTRIBUTION = YES;
				CLANG_ANALYZER_NONNULL = YES;
				CLANG_ANALYZER_NUMBER_OBJECT_CONVERSION = YES_AGGRESSIVE;
				CLANG_CXX_LANGUAGE_STANDARD = "gnu++17";
				CLANG_CXX_LIBRARY = "libc++";
				CLANG_ENABLE_MODULES = YES;
				CLANG_ENABLE_OBJC_ARC = YES;
				CLANG_ENABLE_OBJC_WEAK = YES;
				CLANG_WARN_BLOCK_CAPTURE_AUTORELEASING = YES;
				CLANG_WARN_BOOL_CONVERSION = YES;
				CLANG_WARN_COMMA = YES;
				CLANG_WARN_CONSTANT_CONVERSION = YES;
				CLANG_WARN_DEPRECATED_OBJC_IMPLEMENTATIONS = YES;
				CLANG_WARN_DIRECT_OBJC_ISA_USAGE = YES_ERROR;
				CLANG_WARN_DOCUMENTATION_COMMENTS = YES;
				CLANG_WARN_EMPTY_BODY = YES;
				CLANG_WARN_ENUM_CONVERSION = YES;
				CLANG_WARN_INFINITE_RECURSION = YES;
				CLANG_WARN_INT_CONVERSION = YES;
				CLANG_WARN_NON_LITERAL_NULL_CONVERSION = YES;
				CLANG_WARN_OBJC_IMPLICIT_RETAIN_SELF = YES;
				CLANG_WARN_OBJC_LITERAL_CONVERSION = YES;
				CLANG_WARN_OBJC_ROOT_CLASS = YES_ERROR;
				CLANG_WARN_QUOTED_INCLUDE_IN_FRAMEWORK_HEADER = YES;
				CLANG_WARN_RANGE_LOOP_ANALYSIS = YES;
				CLANG_WARN_STRICT_PROTOTYPES = YES;
				CLANG_WARN_SUSPICIOUS_MOVE = YES;
				CLANG_WARN_UNGUARDED_AVAILABILITY = YES_AGGRESSIVE;
				CLANG_WARN_UNREACHABLE_CODE = YES;
				CLANG_WARN__DUPLICATE_METHOD_MATCH = YES;
				COPY_PHASE_STRIP = NO;
				DEBUG_INFORMATION_FORMAT = "dwarf-with-dsym";
				ENABLE_NS_ASSERTIONS = NO;
				ENABLE_STRICT_OBJC_MSGSEND = YES;
				GCC_C_LANGUAGE_STANDARD = gnu11;
				GCC_NO_COMMON_BLOCKS = YES;
				GCC_WARN_64_TO_32_BIT_CONVERSION = YES;
				GCC_WARN_ABOUT_RETURN_TYPE = YES_ERROR;
				GCC_WARN_UNDECLARED_SELECTOR = YES;
				GCC_WARN_UNINITIALIZED_AUTOS = YES_AGGRESSIVE;
				GCC_WARN_UNUSED_FUNCTION = YES;
				GCC_WARN_UNUSED_VARIABLE = YES;
				IPHONEOS_DEPLOYMENT_TARGET = 15.2;
				MTL_ENABLE_DEBUG_INFO = NO;
				MTL_FAST_MATH = YES;
				SDKROOT = iphoneos;
				SWIFT_COMPILATION_MODE = wholemodule;
				SWIFT_OPTIMIZATION_LEVEL = "-O";
				VALIDATE_PRODUCT = YES;
			};
			name = Release;
		};
		F9F28F922731A5560047F633 /* Debug */ = {
			isa = XCBuildConfiguration;
			buildSettings = {
				ASSETCATALOG_COMPILER_APPICON_NAME = AppIcon;
				ASSETCATALOG_COMPILER_GLOBAL_ACCENT_COLOR_NAME = AccentColor;
				CODE_SIGN_STYLE = Automatic;
				CURRENT_PROJECT_VERSION = 1;
				DEVELOPMENT_ASSET_PATHS = "\"Anime Repo/Preview Content\"";
				DEVELOPMENT_TEAM = 28KT9M7J7A;
				ENABLE_PREVIEWS = YES;
				GENERATE_INFOPLIST_FILE = YES;
				INFOPLIST_KEY_LSApplicationCategoryType = "public.app-category.utilities";
				INFOPLIST_KEY_UIApplicationSceneManifest_Generation = YES;
				INFOPLIST_KEY_UIApplicationSupportsIndirectInputEvents = YES;
				INFOPLIST_KEY_UILaunchScreen_Generation = YES;
				INFOPLIST_KEY_UISupportedInterfaceOrientations_iPad = "UIInterfaceOrientationPortrait UIInterfaceOrientationPortraitUpsideDown UIInterfaceOrientationLandscapeLeft UIInterfaceOrientationLandscapeRight";
				INFOPLIST_KEY_UISupportedInterfaceOrientations_iPhone = "UIInterfaceOrientationPortrait UIInterfaceOrientationLandscapeLeft UIInterfaceOrientationLandscapeRight";
				LD_RUNPATH_SEARCH_PATHS = (
					"$(inherited)",
					"@executable_path/Frameworks",
				);
				MACOSX_DEPLOYMENT_TARGET = 12.0;
				MARKETING_VERSION = 1.0;
				PRODUCT_BUNDLE_IDENTIFIER = "com.felnanuke.fruit-app.Anime-Repo";
				PRODUCT_NAME = "$(TARGET_NAME)";
				SUPPORTED_PLATFORMS = "iphonesimulator iphoneos";
				SWIFT_EMIT_LOC_STRINGS = YES;
				SWIFT_VERSION = 5.0;
				TARGETED_DEVICE_FAMILY = "1,2";
			};
			name = Debug;
		};
		F9F28F932731A5560047F633 /* Release */ = {
			isa = XCBuildConfiguration;
			buildSettings = {
				ASSETCATALOG_COMPILER_APPICON_NAME = AppIcon;
				ASSETCATALOG_COMPILER_GLOBAL_ACCENT_COLOR_NAME = AccentColor;
				CODE_SIGN_STYLE = Automatic;
				CURRENT_PROJECT_VERSION = 1;
				DEVELOPMENT_ASSET_PATHS = "\"Anime Repo/Preview Content\"";
				DEVELOPMENT_TEAM = 28KT9M7J7A;
				ENABLE_PREVIEWS = YES;
				GENERATE_INFOPLIST_FILE = YES;
				INFOPLIST_KEY_LSApplicationCategoryType = "public.app-category.utilities";
				INFOPLIST_KEY_UIApplicationSceneManifest_Generation = YES;
				INFOPLIST_KEY_UIApplicationSupportsIndirectInputEvents = YES;
				INFOPLIST_KEY_UILaunchScreen_Generation = YES;
				INFOPLIST_KEY_UISupportedInterfaceOrientations_iPad = "UIInterfaceOrientationPortrait UIInterfaceOrientationPortraitUpsideDown UIInterfaceOrientationLandscapeLeft UIInterfaceOrientationLandscapeRight";
				INFOPLIST_KEY_UISupportedInterfaceOrientations_iPhone = "UIInterfaceOrientationPortrait UIInterfaceOrientationLandscapeLeft UIInterfaceOrientationLandscapeRight";
				LD_RUNPATH_SEARCH_PATHS = (
					"$(inherited)",
					"@executable_path/Frameworks",
				);
				MACOSX_DEPLOYMENT_TARGET = 12.0;
				MARKETING_VERSION = 1.0;
				PRODUCT_BUNDLE_IDENTIFIER = "com.felnanuke.fruit-app.Anime-Repo";
				PRODUCT_NAME = "$(TARGET_NAME)";
				SUPPORTED_PLATFORMS = "iphonesimulator iphoneos";
				SWIFT_EMIT_LOC_STRINGS = YES;
				SWIFT_VERSION = 5.0;
				TARGETED_DEVICE_FAMILY = "1,2";
			};
			name = Release;
		};
		F9F28F952731A5560047F633 /* Debug */ = {
			isa = XCBuildConfiguration;
			buildSettings = {
				ALWAYS_EMBED_SWIFT_STANDARD_LIBRARIES = YES;
				BUNDLE_LOADER = "$(TEST_HOST)";
				CODE_SIGN_STYLE = Automatic;
				CURRENT_PROJECT_VERSION = 1;
				DEVELOPMENT_TEAM = 28KT9M7J7A;
				GENERATE_INFOPLIST_FILE = YES;
				IPHONEOS_DEPLOYMENT_TARGET = 15.0;
				LD_RUNPATH_SEARCH_PATHS = (
					"$(inherited)",
					"@executable_path/Frameworks",
					"@loader_path/Frameworks",
				);
				MARKETING_VERSION = 1.0;
				PRODUCT_BUNDLE_IDENTIFIER = "com.felnanuke.fruit-app.Anime-RepoTests";
				PRODUCT_NAME = "$(TARGET_NAME)";
				SWIFT_EMIT_LOC_STRINGS = NO;
				SWIFT_VERSION = 5.0;
				TARGETED_DEVICE_FAMILY = "1,2";
				TEST_HOST = "$(BUILT_PRODUCTS_DIR)/Anime Repo.app/Anime Repo";
			};
			name = Debug;
		};
		F9F28F962731A5560047F633 /* Release */ = {
			isa = XCBuildConfiguration;
			buildSettings = {
				ALWAYS_EMBED_SWIFT_STANDARD_LIBRARIES = YES;
				BUNDLE_LOADER = "$(TEST_HOST)";
				CODE_SIGN_STYLE = Automatic;
				CURRENT_PROJECT_VERSION = 1;
				DEVELOPMENT_TEAM = 28KT9M7J7A;
				GENERATE_INFOPLIST_FILE = YES;
				IPHONEOS_DEPLOYMENT_TARGET = 15.0;
				LD_RUNPATH_SEARCH_PATHS = (
					"$(inherited)",
					"@executable_path/Frameworks",
					"@loader_path/Frameworks",
				);
				MARKETING_VERSION = 1.0;
				PRODUCT_BUNDLE_IDENTIFIER = "com.felnanuke.fruit-app.Anime-RepoTests";
				PRODUCT_NAME = "$(TARGET_NAME)";
				SWIFT_EMIT_LOC_STRINGS = NO;
				SWIFT_VERSION = 5.0;
				TARGETED_DEVICE_FAMILY = "1,2";
				TEST_HOST = "$(BUILT_PRODUCTS_DIR)/Anime Repo.app/Anime Repo";
			};
			name = Release;
		};
		F9F28F982731A5560047F633 /* Debug */ = {
			isa = XCBuildConfiguration;
			buildSettings = {
				ALWAYS_EMBED_SWIFT_STANDARD_LIBRARIES = YES;
				CODE_SIGN_STYLE = Automatic;
				CURRENT_PROJECT_VERSION = 1;
				DEVELOPMENT_TEAM = 28KT9M7J7A;
				GENERATE_INFOPLIST_FILE = YES;
				LD_RUNPATH_SEARCH_PATHS = (
					"$(inherited)",
					"@executable_path/Frameworks",
					"@loader_path/Frameworks",
				);
				MARKETING_VERSION = 1.0;
				PRODUCT_BUNDLE_IDENTIFIER = "com.felnanuke.fruit-app.Anime-RepoUITests";
				PRODUCT_NAME = "$(TARGET_NAME)";
				SWIFT_EMIT_LOC_STRINGS = NO;
				SWIFT_VERSION = 5.0;
				TARGETED_DEVICE_FAMILY = "1,2";
				TEST_TARGET_NAME = "Anime Repo";
			};
			name = Debug;
		};
		F9F28F992731A5560047F633 /* Release */ = {
			isa = XCBuildConfiguration;
			buildSettings = {
				ALWAYS_EMBED_SWIFT_STANDARD_LIBRARIES = YES;
				CODE_SIGN_STYLE = Automatic;
				CURRENT_PROJECT_VERSION = 1;
				DEVELOPMENT_TEAM = 28KT9M7J7A;
				GENERATE_INFOPLIST_FILE = YES;
				LD_RUNPATH_SEARCH_PATHS = (
					"$(inherited)",
					"@executable_path/Frameworks",
					"@loader_path/Frameworks",
				);
				MARKETING_VERSION = 1.0;
				PRODUCT_BUNDLE_IDENTIFIER = "com.felnanuke.fruit-app.Anime-RepoUITests";
				PRODUCT_NAME = "$(TARGET_NAME)";
				SWIFT_EMIT_LOC_STRINGS = NO;
				SWIFT_VERSION = 5.0;
				TARGETED_DEVICE_FAMILY = "1,2";
				TEST_TARGET_NAME = "Anime Repo";
			};
			name = Release;
		};
/* End XCBuildConfiguration section */

/* Begin XCConfigurationList section */
		F9F28F682731A5550047F633 /* Build configuration list for PBXProject "Anime Repo" */ = {
			isa = XCConfigurationList;
			buildConfigurations = (
				F9F28F8F2731A5560047F633 /* Debug */,
				F9F28F902731A5560047F633 /* Release */,
			);
			defaultConfigurationIsVisible = 0;
			defaultConfigurationName = Release;
		};
		F9F28F912731A5560047F633 /* Build configuration list for PBXNativeTarget "Anime Repo" */ = {
			isa = XCConfigurationList;
			buildConfigurations = (
				F9F28F922731A5560047F633 /* Debug */,
				F9F28F932731A5560047F633 /* Release */,
			);
			defaultConfigurationIsVisible = 0;
			defaultConfigurationName = Release;
		};
		F9F28F942731A5560047F633 /* Build configuration list for PBXNativeTarget "Anime RepoTests" */ = {
			isa = XCConfigurationList;
			buildConfigurations = (
				F9F28F952731A5560047F633 /* Debug */,
				F9F28F962731A5560047F633 /* Release */,
			);
			defaultConfigurationIsVisible = 0;
			defaultConfigurationName = Release;
		};
		F9F28F972731A5560047F633 /* Build configuration list for PBXNativeTarget "Anime RepoUITests" */ = {
			isa = XCConfigurationList;
			buildConfigurations = (
				F9F28F982731A5560047F633 /* Debug */,
				F9F28F992731A5560047F633 /* Release */,
			);
			defaultConfigurationIsVisible = 0;
			defaultConfigurationName = Release;
		};
/* End XCConfigurationList section */

/* Begin XCRemoteSwiftPackageReference section */
		F9F28FA02731AFA40047F633 /* XCRemoteSwiftPackageReference "url-image" */ = {
			isa = XCRemoteSwiftPackageReference;
			repositoryURL = "https://github.com/dmytro-anokhin/url-image";
			requirement = {
				branch = main;
				kind = branch;
			};
		};
/* End XCRemoteSwiftPackageReference section */

/* Begin XCSwiftPackageProductDependency section */
		F9F28FA12731AFA40047F633 /* URLImage */ = {
			isa = XCSwiftPackageProductDependency;
			package = F9F28FA02731AFA40047F633 /* XCRemoteSwiftPackageReference "url-image" */;
			productName = URLImage;
		};
/* End XCSwiftPackageProductDependency section */
	};
	rootObject = F9F28F652731A5550047F633 /* Project object */;
}
